
Microsoft Visual Studio Solution File, Format Version 12.00
# Visual Studio Version 17
VisualStudioVersion = 17.4.33205.214
MinimumVisualStudioVersion = 10.0.40219.1
Project("{2150E333-8FDC-42A3-9474-1A3956D46DE8}") = "Services", "Services", "{41EEECB8-783E-4AB7-9B5D-D91966511715}"
EndProject
Project("{2150E333-8FDC-42A3-9474-1A3956D46DE8}") = "Catalog", "Catalog", "{5CFB9603-D864-4E76-9A94-943FAD02BFBC}"
EndProject
Project("{9A19103F-16F7-4668-BE54-9A1E7A4F7556}") = "Catalog.Api", "Catalog.Api\Catalog.Api.csproj", "{45465978-0EC4-4EDE-957B-A2BBC5CEA64D}"
EndProject
Project("{E53339B2-1760-4266-BCC7-CA923CBCF16C}") = "docker-compose", "docker-compose.dcproj", "{5DE5D96D-1CC0-4638-849E-A7BF4B581CDB}"
EndProject
Global
	GlobalSection(SolutionConfigurationPlatforms) = preSolution
		Debug|Any CPU = Debug|Any CPU
		Release|Any CPU = Release|Any CPU
	EndGlobalSection
	GlobalSection(ProjectConfigurationPlatforms) = postSolution
		{45465978-0EC4-4EDE-957B-A2BBC5CEA64D}.Debug|Any CPU.ActiveCfg = Debug|Any CPU
		{45465978-0EC4-4EDE-957B-A2BBC5CEA64D}.Debug|Any CPU.Build.0 = Debug|Any CPU
		{45465978-0EC4-4EDE-957B-A2BBC5CEA64D}.Release|Any CPU.ActiveCfg = Release|Any CPU
		{45465978-0EC4-4EDE-957B-A2BBC5CEA64D}.Release|Any CPU.Build.0 = Release|Any CPU
		{5DE5D96D-1CC0-4638-849E-A7BF4B581CDB}.Debug|Any CPU.ActiveCfg = Debug|Any CPU
		{5DE5D96D-1CC0-4638-849E-A7BF4B581CDB}.Debug|Any CPU.Build.0 = Debug|Any CPU
		{5DE5D96D-1CC0-4638-849E-A7BF4B581CDB}.Release|Any CPU.ActiveCfg = Release|Any CPU
		{5DE5D96D-1CC0-4638-849E-A7BF4B581CDB}.Release|Any CPU.Build.0 = Release|Any CPU
	EndGlobalSection
	GlobalSection(SolutionProperties) = preSolution
		HideSolutionNode = FALSE
	EndGlobalSection
	GlobalSection(NestedProjects) = preSolution
		{5CFB9603-D864-4E76-9A94-943FAD02BFBC} = {41EEECB8-783E-4AB7-9B5D-D91966511715}
		{45465978-0EC4-4EDE-957B-A2BBC5CEA64D} = {5CFB9603-D864-4E76-9A94-943FAD02BFBC}
	EndGlobalSection
	GlobalSection(ExtensibilityGlobals) = postSolution
		SolutionGuid = {A3004758-20AE-4D6D-BA2E-9E197DABC5B8}
	EndGlobalSection
EndGlobal
